
Microsoft Visual Studio Solution File, Format Version 12.00
# Visual Studio 14
VisualStudioVersion = 14.0.25420.1
MinimumVisualStudioVersion = 10.0.40219.1
Project("{2150E333-8FDC-42A3-9474-1A3956D46DE8}") = "Client", "Client", "{E649B0DE-9CB6-4506-A862-D41F2364F15F}"
EndProject
Project("{2150E333-8FDC-42A3-9474-1A3956D46DE8}") = "Server", "Server", "{516F829E-30AE-4DF4-8205-CE10E2DB20E5}"
EndProject
Project("{2150E333-8FDC-42A3-9474-1A3956D46DE8}") = "Shared", "Shared", "{05DECEC0-B974-4348-8F5C-1CB13C1618C1}"
EndProject
Project("{FAE04EC0-301F-11D3-BF4B-00C04F79EFBC}") = "NC.Client", "Client\NC.Client\NC.Client.csproj", "{FF9D3B11-3411-4890-945D-693EC79329EB}"
EndProject
Project("{FAE04EC0-301F-11D3-BF4B-00C04F79EFBC}") = "NC.WebServer", "Server\NC.WebServer\NC.WebServer.csproj", "{B6FC266A-EBCB-4959-AF9D-309F905F2CB5}"
EndProject
Project("{FAE04EC0-301F-11D3-BF4B-00C04F79EFBC}") = "NC.ChessControls", "Client\NC.ChessControls\NC.ChessControls.csproj", "{2E8E63C8-BCAF-43BC-A4C8-0E1BC8CD4B0E}"
EndProject
Project("{FAE04EC0-301F-11D3-BF4B-00C04F79EFBC}") = "NC.ChessServer", "Server\NC.ChessServer\NC.ChessServer.csproj", "{D657477E-19B1-4FB2-83FF-7CCE69F97168}"
EndProject
Project("{FAE04EC0-301F-11D3-BF4B-00C04F79EFBC}") = "NC.Shared", "NC.Shared\NC.Shared.csproj", "{91995041-EE8C-4077-85D2-7FD0895D7CEB}"
EndProject
Project("{2150E333-8FDC-42A3-9474-1A3956D46DE8}") = "Tests", "Tests", "{05331CA5-B152-4FC8-B6E3-E531214B602C}"
EndProject
Project("{FAE04EC0-301F-11D3-BF4B-00C04F79EFBC}") = "ChessTests", "Tests\ChessTests\ChessTests.csproj", "{8A6D59F7-8CB7-4E72-B035-8C65B90F1029}"
EndProject
Global
	GlobalSection(SolutionConfigurationPlatforms) = preSolution
		Debug|Any CPU = Debug|Any CPU
		Release|Any CPU = Release|Any CPU
	EndGlobalSection
	GlobalSection(ProjectConfigurationPlatforms) = postSolution
		{FF9D3B11-3411-4890-945D-693EC79329EB}.Debug|Any CPU.ActiveCfg = Debug|Any CPU
		{FF9D3B11-3411-4890-945D-693EC79329EB}.Debug|Any CPU.Build.0 = Debug|Any CPU
		{FF9D3B11-3411-4890-945D-693EC79329EB}.Release|Any CPU.ActiveCfg = Release|Any CPU
		{FF9D3B11-3411-4890-945D-693EC79329EB}.Release|Any CPU.Build.0 = Release|Any CPU
		{B6FC266A-EBCB-4959-AF9D-309F905F2CB5}.Debug|Any CPU.ActiveCfg = Debug|Any CPU
		{B6FC266A-EBCB-4959-AF9D-309F905F2CB5}.Debug|Any CPU.Build.0 = Debug|Any CPU
		{B6FC266A-EBCB-4959-AF9D-309F905F2CB5}.Release|Any CPU.ActiveCfg = Release|Any CPU
		{B6FC266A-EBCB-4959-AF9D-309F905F2CB5}.Release|Any CPU.Build.0 = Release|Any CPU
		{2E8E63C8-BCAF-43BC-A4C8-0E1BC8CD4B0E}.Debug|Any CPU.ActiveCfg = Debug|Any CPU
		{2E8E63C8-BCAF-43BC-A4C8-0E1BC8CD4B0E}.Debug|Any CPU.Build.0 = Debug|Any CPU
		{2E8E63C8-BCAF-43BC-A4C8-0E1BC8CD4B0E}.Release|Any CPU.ActiveCfg = Release|Any CPU
		{2E8E63C8-BCAF-43BC-A4C8-0E1BC8CD4B0E}.Release|Any CPU.Build.0 = Release|Any CPU
		{D657477E-19B1-4FB2-83FF-7CCE69F97168}.Debug|Any CPU.ActiveCfg = Debug|Any CPU
		{D657477E-19B1-4FB2-83FF-7CCE69F97168}.Debug|Any CPU.Build.0 = Debug|Any CPU
		{D657477E-19B1-4FB2-83FF-7CCE69F97168}.Release|Any CPU.ActiveCfg = Release|Any CPU
		{D657477E-19B1-4FB2-83FF-7CCE69F97168}.Release|Any CPU.Build.0 = Release|Any CPU
		{91995041-EE8C-4077-85D2-7FD0895D7CEB}.Debug|Any CPU.ActiveCfg = Debug|Any CPU
		{91995041-EE8C-4077-85D2-7FD0895D7CEB}.Debug|Any CPU.Build.0 = Debug|Any CPU
		{91995041-EE8C-4077-85D2-7FD0895D7CEB}.Release|Any CPU.ActiveCfg = Release|Any CPU
		{91995041-EE8C-4077-85D2-7FD0895D7CEB}.Release|Any CPU.Build.0 = Release|Any CPU
		{8A6D59F7-8CB7-4E72-B035-8C65B90F1029}.Debug|Any CPU.ActiveCfg = Debug|Any CPU
		{8A6D59F7-8CB7-4E72-B035-8C65B90F1029}.Debug|Any CPU.Build.0 = Debug|Any CPU
		{8A6D59F7-8CB7-4E72-B035-8C65B90F1029}.Release|Any CPU.ActiveCfg = Release|Any CPU
		{8A6D59F7-8CB7-4E72-B035-8C65B90F1029}.Release|Any CPU.Build.0 = Release|Any CPU
	EndGlobalSection
	GlobalSection(SolutionProperties) = preSolution
		HideSolutionNode = FALSE
	EndGlobalSection
	GlobalSection(NestedProjects) = preSolution
		{FF9D3B11-3411-4890-945D-693EC79329EB} = {E649B0DE-9CB6-4506-A862-D41F2364F15F}
		{B6FC266A-EBCB-4959-AF9D-309F905F2CB5} = {516F829E-30AE-4DF4-8205-CE10E2DB20E5}
		{2E8E63C8-BCAF-43BC-A4C8-0E1BC8CD4B0E} = {E649B0DE-9CB6-4506-A862-D41F2364F15F}
		{D657477E-19B1-4FB2-83FF-7CCE69F97168} = {516F829E-30AE-4DF4-8205-CE10E2DB20E5}
		{91995041-EE8C-4077-85D2-7FD0895D7CEB} = {05DECEC0-B974-4348-8F5C-1CB13C1618C1}
		{8A6D59F7-8CB7-4E72-B035-8C65B90F1029} = {05331CA5-B152-4FC8-B6E3-E531214B602C}
	EndGlobalSection
EndGlobal
